
Microsoft Visual Studio Solution File, Format Version 12.00
# Visual Studio Version 17
VisualStudioVersion = 17.5.33530.505
MinimumVisualStudioVersion = 10.0.40219.1
Project("{FAE04EC0-301F-11D3-BF4B-00C04F79EFBC}") = "SysProg3", "SysProg3.csproj", "{3ACA1125-3D72-4BC5-B112-4CD8AB899541}"
EndProject
Global
	GlobalSection(SolutionConfigurationPlatforms) = preSolution
		Debug|Any CPU = Debug|Any CPU
		Release|Any CPU = Release|Any CPU
	EndGlobalSection
	GlobalSection(ProjectConfigurationPlatforms) = postSolution
		{3ACA1125-3D72-4BC5-B112-4CD8AB899541}.Debug|Any CPU.ActiveCfg = Debug|Any CPU
		{3ACA1125-3D72-4BC5-B112-4CD8AB899541}.Debug|Any CPU.Build.0 = Debug|Any CPU
		{3ACA1125-3D72-4BC5-B112-4CD8AB899541}.Release|Any CPU.ActiveCfg = Release|Any CPU
		{3ACA1125-3D72-4BC5-B112-4CD8AB899541}.Release|Any CPU.Build.0 = Release|Any CPU
	EndGlobalSection
	GlobalSection(SolutionProperties) = preSolution
		HideSolutionNode = FALSE
	EndGlobalSection
	GlobalSection(ExtensibilityGlobals) = postSolution
		SolutionGuid = {C4FCD840-7A56-4C9F-B4F9-B44591F257AD}
	EndGlobalSection
EndGlobal
